// !$*UTF8*$!
{
	archiveVersion = 1;
	classes = {
	};
	objectVersion = 77;
	objects = {

/* Begin PBXBuildFile section */
		2C5DCE0E303467B2006C196B /* hisplora Watch App.app in Embed Watch Content */ = {isa = PBXBuildFile; fileRef = 2C5DCE04303467B1006C196B /* hisplora Watch App.app */; settings = {ATTRIBUTES = (RemoveHeadersOnCopy, ); }; };
		A0A0A0A0000000000000A005 /* ContentKit in Frameworks */ = {isa = PBXBuildFile; productRef = A0A0A0A0000000000000A003 /* ContentKit */; };
		A0A0A0A0000000000000A008 /* RunEngine in Frameworks */ = {isa = PBXBuildFile; productRef = A0A0A0A0000000000000A006 /* RunEngine */; };
		A0A0A0A0000000000000A009 /* DesignSystem in Frameworks */ = {isa = PBXBuildFile; productRef = A0A0A0A0000000000000A007 /* DesignSystem */; };
		A0A0A0A0000000000000A00C /* UIStringsKit in Frameworks */ = {isa = PBXBuildFile; productRef = A0A0A0A0000000000000A00B /* UIStringsKit */; };
		A0C0C0C0000000000000C010 /* ContentKit in Frameworks */ = {isa = PBXBuildFile; productRef = A0C0C0C0000000000000C00C /* ContentKit */; };
		A0C0C0C0000000000000C011 /* RunEngine in Frameworks */ = {isa = PBXBuildFile; productRef = A0C0C0C0000000000000C00D /* RunEngine */; };
		A0C0C0C0000000000000C012 /* DesignSystem in Frameworks */ = {isa = PBXBuildFile; productRef = A0C0C0C0000000000000C00E /* DesignSystem */; };
		A0C0C0C0000000000000C013 /* UIStringsKit in Frameworks */ = {isa = PBXBuildFile; productRef = A0C0C0C0000000000000C00F /* UIStringsKit */; };
/* End PBXBuildFile section */

/* Begin PBXContainerItemProxy section */
		2C5DCE0C303467B2006C196B /* PBXContainerItemProxy */ = {
			isa = PBXContainerItemProxy;
			containerPortal = A031C9CA302A038800764D07 /* Project object */;
			proxyType = 1;
			remoteGlobalIDString = 2C5DCE03303467B1006C196B;
			remoteInfo = "hisplora Watch App";
		};
		A0B0B0B0000000000000B00B /* PBXContainerItemProxy */ = {
			isa = PBXContainerItemProxy;
			containerPortal = A031C9CA302A038800764D07 /* Project object */;
			proxyType = 1;
			remoteGlobalIDString = A031C9D1302A038800764D07;
			remoteInfo = "challange-5";
		};
		A0C0C0C0000000000000C00B /* PBXContainerItemProxy */ = {
			isa = PBXContainerItemProxy;
			containerPortal = A031C9CA302A038800764D07 /* Project object */;
			proxyType = 1;
			remoteGlobalIDString = A031C9D1302A038800764D07;
			remoteInfo = "challange-5";
		};
/* End PBXContainerItemProxy section */

/* Begin PBXCopyFilesBuildPhase section */
		2C5DCE12303467B2006C196B /* Embed Watch Content */ = {
			isa = PBXCopyFilesBuildPhase;
			buildActionMask = 2147483647;
			dstPath = "$(CONTENTS_FOLDER_PATH)/Watch";
			dstSubfolderSpec = 16;
			files = (
				2C5DCE0E303467B2006C196B /* hisplora Watch App.app in Embed Watch Content */,
			);
			name = "Embed Watch Content";
			runOnlyForDeploymentPostprocessing = 0;
		};
/* End PBXCopyFilesBuildPhase section */

/* Begin PBXFileReference section */
		2C5DCE04303467B1006C196B /* hisplora Watch App.app */ = {isa = PBXFileReference; explicitFileType = wrapper.application; includeInIndex = 0; path = "hisplora Watch App.app"; sourceTree = BUILT_PRODUCTS_DIR; };
		A031C9D2302A038800764D07 /* challange-5.app */ = {isa = PBXFileReference; explicitFileType = wrapper.application; includeInIndex = 0; path = "challange-5.app"; sourceTree = BUILT_PRODUCTS_DIR; };
		A0B0B0B0000000000000B002 /* challange-5UITests.xctest */ = {isa = PBXFileReference; explicitFileType = wrapper.cfbundle; includeInIndex = 0; path = "challange-5UITests.xctest"; sourceTree = BUILT_PRODUCTS_DIR; };
		A0C0C0C0000000000000C002 /* challange-5Tests.xctest */ = {isa = PBXFileReference; explicitFileType = wrapper.cfbundle; includeInIndex = 0; path = "challange-5Tests.xctest"; sourceTree = BUILT_PRODUCTS_DIR; };
/* End PBXFileReference section */

/* Begin PBXFileSystemSynchronizedRootGroup section */
		2C5DCE05303467B1006C196B /* hisplora Watch App */ = {
			isa = PBXFileSystemSynchronizedRootGroup;
			path = "hisplora Watch App";
			sourceTree = "<group>";
		};
		A031C9D4302A038800764D07 /* challange-5 */ = {
			isa = PBXFileSystemSynchronizedRootGroup;
			path = "challange-5";
			sourceTree = "<group>";
		};
		A0B0B0B0000000000000B003 /* challange-5UITests */ = {
			isa = PBXFileSystemSynchronizedRootGroup;
			path = "challange-5UITests";
			sourceTree = "<group>";
		};
		A0C0C0C0000000000000C003 /* challange-5Tests */ = {
			isa = PBXFileSystemSynchronizedRootGroup;
			path = "challange-5Tests";
			sourceTree = "<group>";
		};
/* End PBXFileSystemSynchronizedRootGroup section */

/* Begin PBXFrameworksBuildPhase section */
		2C5DCE01303467B1006C196B /* Frameworks */ = {
			isa = PBXFrameworksBuildPhase;
			buildActionMask = 2147483647;
			files = (
			);
			runOnlyForDeploymentPostprocessing = 0;
		};
		A031C9CF302A038800764D07 /* Frameworks */ = {
			isa = PBXFrameworksBuildPhase;
			buildActionMask = 2147483647;
			files = (
				A0A0A0A0000000000000A008 /* RunEngine in Frameworks */,
				A0A0A0A0000000000000A009 /* DesignSystem in Frameworks */,
				A0A0A0A0000000000000A00C /* UIStringsKit in Frameworks */,
				A0A0A0A0000000000000A005 /* ContentKit in Frameworks */,
			);
			runOnlyForDeploymentPostprocessing = 0;
		};
		A0B0B0B0000000000000B005 /* Frameworks */ = {
			isa = PBXFrameworksBuildPhase;
			buildActionMask = 2147483647;
			files = (
			);
			runOnlyForDeploymentPostprocessing = 0;
		};
		A0C0C0C0000000000000C005 /* Frameworks */ = {
			isa = PBXFrameworksBuildPhase;
			buildActionMask = 2147483647;
			files = (
				A0C0C0C0000000000000C010 /* ContentKit in Frameworks */,
				A0C0C0C0000000000000C011 /* RunEngine in Frameworks */,
				A0C0C0C0000000000000C012 /* DesignSystem in Frameworks */,
				A0C0C0C0000000000000C013 /* UIStringsKit in Frameworks */,
			);
			runOnlyForDeploymentPostprocessing = 0;
		};
/* End PBXFrameworksBuildPhase section */

/* Begin PBXGroup section */
		A031C9C9302A038800764D07 = {
			isa = PBXGroup;
			children = (
				A031C9D4302A038800764D07 /* challange-5 */,
				A0C0C0C0000000000000C003 /* challange-5Tests */,
				A0B0B0B0000000000000B003 /* challange-5UITests */,
				2C5DCE05303467B1006C196B /* hisplora Watch App */,
				A031C9D3302A038800764D07 /* Products */,
			);
			sourceTree = "<group>";
		};
		A031C9D3302A038800764D07 /* Products */ = {
			isa = PBXGroup;
			children = (
				A031C9D2302A038800764D07 /* challange-5.app */,
				A0C0C0C0000000000000C002 /* challange-5Tests.xctest */,
				A0B0B0B0000000000000B002 /* challange-5UITests.xctest */,
				2C5DCE04303467B1006C196B /* hisplora Watch App.app */,
			);
			name = Products;
			sourceTree = "<group>";
		};
/* End PBXGroup section */

/* Begin PBXNativeTarget section */
		2C5DCE03303467B1006C196B /* hisplora Watch App */ = {
			isa = PBXNativeTarget;
			buildConfigurationList = 2C5DCE0F303467B2006C196B /* Build configuration list for PBXNativeTarget "hisplora Watch App" */;
			buildPhases = (
				2C5DCE00303467B1006C196B /* Sources */,
				2C5DCE01303467B1006C196B /* Frameworks */,
				2C5DCE02303467B1006C196B /* Resources */,
			);
			buildRules = (
			);
			dependencies = (
			);
			fileSystemSynchronizedGroups = (
				2C5DCE05303467B1006C196B /* hisplora Watch App */,
			);
			name = "hisplora Watch App";
			packageProductDependencies = (
			);
			productName = "hisplora Watch App";
			productReference = 2C5DCE04303467B1006C196B /* hisplora Watch App.app */;
			productType = "com.apple.product-type.application";
		};
		A031C9D1302A038800764D07 /* challange-5 */ = {
			isa = PBXNativeTarget;
			buildConfigurationList = A031C9DD302A038900764D07 /* Build configuration list for PBXNativeTarget "challange-5" */;
			buildPhases = (
				A031C9CE302A038800764D07 /* Sources */,
				A031C9CF302A038800764D07 /* Frameworks */,
				A031C9D0302A038800764D07 /* Resources */,
				2C5DCE12303467B2006C196B /* Embed Watch Content */,
			);
			buildRules = (
			);
			dependencies = (
				2C5DCE0D303467B2006C196B /* PBXTargetDependency */,
			);
			fileSystemSynchronizedGroups = (
				A031C9D4302A038800764D07 /* challange-5 */,
			);
			name = "challange-5";
			packageProductDependencies = (
				A0A0A0A0000000000000A006 /* RunEngine */,
				A0A0A0A0000000000000A007 /* DesignSystem */,
				A0A0A0A0000000000000A00B /* UIStringsKit */,
				A0A0A0A0000000000000A003 /* ContentKit */,
			);
			productName = "challange-5";
			productReference = A031C9D2302A038800764D07 /* challange-5.app */;
			productType = "com.apple.product-type.application";
		};
		A0B0B0B0000000000000B001 /* challange-5UITests */ = {
			isa = PBXNativeTarget;
			buildConfigurationList = A0B0B0B0000000000000B007 /* Build configuration list for PBXNativeTarget "challange-5UITests" */;
			buildPhases = (
				A0B0B0B0000000000000B004 /* Sources */,
				A0B0B0B0000000000000B005 /* Frameworks */,
				A0B0B0B0000000000000B006 /* Resources */,
			);
			buildRules = (
			);
			dependencies = (
				A0B0B0B0000000000000B00A /* PBXTargetDependency */,
			);
			fileSystemSynchronizedGroups = (
				A0B0B0B0000000000000B003 /* challange-5UITests */,
			);
			name = "challange-5UITests";
			packageProductDependencies = (
			);
			productName = "challange-5UITests";
			productReference = A0B0B0B0000000000000B002 /* challange-5UITests.xctest */;
			productType = "com.apple.product-type.bundle.ui-testing";
		};
		A0C0C0C0000000000000C001 /* challange-5Tests */ = {
			isa = PBXNativeTarget;
			buildConfigurationList = A0C0C0C0000000000000C007 /* Build configuration list for PBXNativeTarget "challange-5Tests" */;
			buildPhases = (
				A0C0C0C0000000000000C004 /* Sources */,
				A0C0C0C0000000000000C005 /* Frameworks */,
				A0C0C0C0000000000000C006 /* Resources */,
			);
			buildRules = (
			);
			dependencies = (
				A0C0C0C0000000000000C00A /* PBXTargetDependency */,
			);
			fileSystemSynchronizedGroups = (
				A0C0C0C0000000000000C003 /* challange-5Tests */,
			);
			name = "challange-5Tests";
			packageProductDependencies = (
				A0C0C0C0000000000000C00C /* ContentKit */,
				A0C0C0C0000000000000C00D /* RunEngine */,
				A0C0C0C0000000000000C00E /* DesignSystem */,
				A0C0C0C0000000000000C00F /* UIStringsKit */,
			);
			productName = "challange-5Tests";
			productReference = A0C0C0C0000000000000C002 /* challange-5Tests.xctest */;
			productType = "com.apple.product-type.bundle.unit-test";
		};
/* End PBXNativeTarget section */

/* Begin PBXProject section */
		A031C9CA302A038800764D07 /* Project object */ = {
			isa = PBXProject;
			attributes = {
				BuildIndependentTargetsInParallel = 1;
				LastSwiftUpdateCheck = 2660;
				LastUpgradeCheck = 2660;
				TargetAttributes = {
					2C5DCE03303467B1006C196B = {
						CreatedOnToolsVersion = 26.6;
					};
					A031C9D1302A038800764D07 = {
						CreatedOnToolsVersion = 26.6;
					};
					A0B0B0B0000000000000B001 = {
						CreatedOnToolsVersion = 26.6;
						TestTargetID = A031C9D1302A038800764D07;
					};
					A0C0C0C0000000000000C001 = {
						CreatedOnToolsVersion = 26.6;
						TestTargetID = A031C9D1302A038800764D07;
					};
				};
			};
			buildConfigurationList = A031C9CD302A038800764D07 /* Build configuration list for PBXProject "challange-5" */;
			developmentRegion = en;
			hasScannedForEncodings = 0;
			knownRegions = (
				en,
				Base,
			);
			mainGroup = A031C9C9302A038800764D07;
			minimizedProjectReferenceProxies = 1;
			packageReferences = (
				A0A0A0A0000000000000A001 /* XCLocalSwiftPackageReference "Packages/Kultara" */,
			);
			preferredProjectObjectVersion = 77;
			productRefGroup = A031C9D3302A038800764D07 /* Products */;
			projectDirPath = "";
			projectRoot = "";
			targets = (
				A031C9D1302A038800764D07 /* challange-5 */,
				A0C0C0C0000000000000C001 /* challange-5Tests */,
				A0B0B0B0000000000000B001 /* challange-5UITests */,
				2C5DCE03303467B1006C196B /* hisplora Watch App */,
			);
		};
/* End PBXProject section */

/* Begin PBXResourcesBuildPhase section */
		2C5DCE02303467B1006C196B /* Resources */ = {
			isa = PBXResourcesBuildPhase;
			buildActionMask = 2147483647;
			files = (
			);
			runOnlyForDeploymentPostprocessing = 0;
		};
		A031C9D0302A038800764D07 /* Resources */ = {
			isa = PBXResourcesBuildPhase;
			buildActionMask = 2147483647;
			files = (
			);
			runOnlyForDeploymentPostprocessing = 0;
		};
		A0B0B0B0000000000000B006 /* Resources */ = {
			isa = PBXResourcesBuildPhase;
			buildActionMask = 2147483647;
			files = (
			);
			runOnlyForDeploymentPostprocessing = 0;
		};
		A0C0C0C0000000000000C006 /* Resources */ = {
			isa = PBXResourcesBuildPhase;
			buildActionMask = 2147483647;
			files = (
			);
			runOnlyForDeploymentPostprocessing = 0;
		};
/* End PBXResourcesBuildPhase section */

/* Begin PBXSourcesBuildPhase section */
		2C5DCE00303467B1006C196B /* Sources */ = {
			isa = PBXSourcesBuildPhase;
			buildActionMask = 2147483647;
			files = (
			);
			runOnlyForDeploymentPostprocessing = 0;
		};
		A031C9CE302A038800764D07 /* Sources */ = {
			isa = PBXSourcesBuildPhase;
			buildActionMask = 2147483647;
			files = (
			);
			runOnlyForDeploymentPostprocessing = 0;
		};
		A0B0B0B0000000000000B004 /* Sources */ = {
			isa = PBXSourcesBuildPhase;
			buildActionMask = 2147483647;
			files = (
			);
			runOnlyForDeploymentPostprocessing = 0;
		};
		A0C0C0C0000000000000C004 /* Sources */ = {
			isa = PBXSourcesBuildPhase;
			buildActionMask = 2147483647;
			files = (
			);
			runOnlyForDeploymentPostprocessing = 0;
		};
/* End PBXSourcesBuildPhase section */

/* Begin PBXTargetDependency section */
		2C5DCE0D303467B2006C196B /* PBXTargetDependency */ = {
			isa = PBXTargetDependency;
			target = 2C5DCE03303467B1006C196B /* hisplora Watch App */;
			targetProxy = 2C5DCE0C303467B2006C196B /* PBXContainerItemProxy */;
		};
		A0B0B0B0000000000000B00A /* PBXTargetDependency */ = {
			isa = PBXTargetDependency;
			target = A031C9D1302A038800764D07 /* challange-5 */;
			targetProxy = A0B0B0B0000000000000B00B /* PBXContainerItemProxy */;
		};
		A0C0C0C0000000000000C00A /* PBXTargetDependency */ = {
			isa = PBXTargetDependency;
			target = A031C9D1302A038800764D07 /* challange-5 */;
			targetProxy = A0C0C0C0000000000000C00B /* PBXContainerItemProxy */;
		};
/* End PBXTargetDependency section */

/* Begin XCBuildConfiguration section */
		2C5DCE10303467B2006C196B /* Debug */ = {
			isa = XCBuildConfiguration;
			buildSettings = {
				ASSETCATALOG_COMPILER_APPICON_NAME = AppIcon;
				ASSETCATALOG_COMPILER_GLOBAL_ACCENT_COLOR_NAME = AccentColor;
				CODE_SIGN_STYLE = Automatic;
				CURRENT_PROJECT_VERSION = 1;
				DEVELOPMENT_TEAM = YG7T52597K;
				ENABLE_PREVIEWS = YES;
				GENERATE_INFOPLIST_FILE = YES;
				INFOPLIST_KEY_CFBundleDisplayName = hisplora;
				INFOPLIST_KEY_UISupportedInterfaceOrientations = "UIInterfaceOrientationPortrait UIInterfaceOrientationPortraitUpsideDown";
				INFOPLIST_KEY_WKCompanionAppBundleIdentifier = com.umar.hisplora;
				LD_RUNPATH_SEARCH_PATHS = (
					"$(inherited)",
					"@executable_path/Frameworks",
				);
				MARKETING_VERSION = 1.0;
				PRODUCT_BUNDLE_IDENTIFIER = com.umar.hisplora.watchkitapp;
				PRODUCT_NAME = "$(TARGET_NAME)";
				SDKROOT = watchos;
				SKIP_INSTALL = YES;
				STRING_CATALOG_GENERATE_SYMBOLS = YES;
				SWIFT_APPROACHABLE_CONCURRENCY = YES;
				SWIFT_DEFAULT_ACTOR_ISOLATION = MainActor;
				SWIFT_EMIT_LOC_STRINGS = YES;
				SWIFT_UPCOMING_FEATURE_MEMBER_IMPORT_VISIBILITY = YES;
				SWIFT_VERSION = 5.0;
				TARGETED_DEVICE_FAMILY = 4;
				WATCHOS_DEPLOYMENT_TARGET = 26.5;
			};
			name = Debug;
		};
		2C5DCE11303467B2006C196B /* Release */ = {
			isa = XCBuildConfiguration;
			buildSettings = {
				ASSETCATALOG_COMPILER_APPICON_NAME = AppIcon;
				ASSETCATALOG_COMPILER_GLOBAL_ACCENT_COLOR_NAME = AccentColor;
				CODE_SIGN_STYLE = Automatic;
				CURRENT_PROJECT_VERSION = 1;
				DEVELOPMENT_TEAM = YG7T52597K;
				ENABLE_PREVIEWS = YES;
				GENERATE_INFOPLIST_FILE = YES;
				INFOPLIST_KEY_CFBundleDisplayName = hisplora;
				INFOPLIST_KEY_UISupportedInterfaceOrientations = "UIInterfaceOrientationPortrait UIInterfaceOrientationPortraitUpsideDown";
				INFOPLIST_KEY_WKCompanionAppBundleIdentifier = com.umar.hisplora;
				LD_RUNPATH_SEARCH_PATHS = (
					"$(inherited)",
					"@executable_path/Frameworks",
				);
				MARKETING_VERSION = 1.0;
				PRODUCT_BUNDLE_IDENTIFIER = com.umar.hisplora.watchkitapp;
				PRODUCT_NAME = "$(TARGET_NAME)";
				SDKROOT = watchos;
				SKIP_INSTALL = YES;
				STRING_CATALOG_GENERATE_SYMBOLS = YES;
				SWIFT_APPROACHABLE_CONCURRENCY = YES;
				SWIFT_DEFAULT_ACTOR_ISOLATION = MainActor;
				SWIFT_EMIT_LOC_STRINGS = YES;
				SWIFT_UPCOMING_FEATURE_MEMBER_IMPORT_VISIBILITY = YES;
				SWIFT_VERSION = 5.0;
				TARGETED_DEVICE_FAMILY = 4;
				WATCHOS_DEPLOYMENT_TARGET = 26.5;
			};
			name = Release;
		};
		A031C9DB302A038900764D07 /* Debug */ = {
			isa = XCBuildConfiguration;
			buildSettings = {
				ALWAYS_SEARCH_USER_PATHS = NO;
				ASSETCATALOG_COMPILER_GENERATE_SWIFT_ASSET_SYMBOL_EXTENSIONS = YES;
				CLANG_ANALYZER_NONNULL = YES;
				CLANG_ANALYZER_NUMBER_OBJECT_CONVERSION = YES_AGGRESSIVE;
				CLANG_CXX_LANGUAGE_STANDARD = "gnu++20";
				CLANG_ENABLE_MODULES = YES;
				CLANG_ENABLE_OBJC_ARC = YES;
				CLANG_ENABLE_OBJC_WEAK = YES;
				CLANG_WARN_BLOCK_CAPTURE_AUTORELEASING = YES;
				CLANG_WARN_BOOL_CONVERSION = YES;
				CLANG_WARN_COMMA = YES;
				CLANG_WARN_CONSTANT_CONVERSION = YES;
				CLANG_WARN_DEPRECATED_OBJC_IMPLEMENTATIONS = YES;
				CLANG_WARN_DIRECT_OBJC_ISA_USAGE = YES_ERROR;
				CLANG_WARN_DOCUMENTATION_COMMENTS = YES;
				CLANG_WARN_EMPTY_BODY = YES;
				CLANG_WARN_ENUM_CONVERSION = YES;
				CLANG_WARN_INFINITE_RECURSION = YES;
				CLANG_WARN_INT_CONVERSION = YES;
				CLANG_WARN_NON_LITERAL_NULL_CONVERSION = YES;
				CLANG_WARN_OBJC_IMPLICIT_RETAIN_SELF = YES;
				CLANG_WARN_OBJC_LITERAL_CONVERSION = YES;
				CLANG_WARN_OBJC_ROOT_CLASS = YES_ERROR;
				CLANG_WARN_QUOTED_INCLUDE_IN_FRAMEWORK_HEADER = YES;
				CLANG_WARN_RANGE_LOOP_ANALYSIS = YES;
				CLANG_WARN_STRICT_PROTOTYPES = YES;
				CLANG_WARN_SUSPICIOUS_MOVE = YES;
				CLANG_WARN_UNGUARDED_AVAILABILITY = YES_AGGRESSIVE;
				CLANG_WARN_UNREACHABLE_CODE = YES;
				CLANG_WARN__DUPLICATE_METHOD_MATCH = YES;
				COPY_PHASE_STRIP = NO;
				DEBUG_INFORMATION_FORMAT = dwarf;
				DEVELOPMENT_TEAM = 62ZRZ6VZKC;
				ENABLE_STRICT_OBJC_MSGSEND = YES;
				ENABLE_TESTABILITY = YES;
				ENABLE_USER_SCRIPT_SANDBOXING = YES;
				GCC_C_LANGUAGE_STANDARD = gnu17;
				GCC_DYNAMIC_NO_PIC = NO;
				GCC_NO_COMMON_BLOCKS = YES;
				GCC_OPTIMIZATION_LEVEL = 0;
				GCC_PREPROCESSOR_DEFINITIONS = (
					"DEBUG=1",
					"$(inherited)",
				);
				GCC_WARN_64_TO_32_BIT_CONVERSION = YES;
				GCC_WARN_ABOUT_RETURN_TYPE = YES_ERROR;
				GCC_WARN_UNDECLARED_SELECTOR = YES;
				GCC_WARN_UNINITIALIZED_AUTOS = YES_AGGRESSIVE;
				GCC_WARN_UNUSED_FUNCTION = YES;
				GCC_WARN_UNUSED_VARIABLE = YES;
				IPHONEOS_DEPLOYMENT_TARGET = 26.0;
				LOCALIZATION_PREFERS_STRING_CATALOGS = YES;
				MTL_ENABLE_DEBUG_INFO = INCLUDE_SOURCE;
				MTL_FAST_MATH = YES;
				ONLY_ACTIVE_ARCH = YES;
				SDKROOT = iphoneos;
				SWIFT_ACTIVE_COMPILATION_CONDITIONS = "DEBUG $(inherited)";
				SWIFT_OPTIMIZATION_LEVEL = "-Onone";
			};
			name = Debug;
		};
		A031C9DC302A038900764D07 /* Release */ = {
			isa = XCBuildConfiguration;
			buildSettings = {
				ALWAYS_SEARCH_USER_PATHS = NO;
				ASSETCATALOG_COMPILER_GENERATE_SWIFT_ASSET_SYMBOL_EXTENSIONS = YES;
				CLANG_ANALYZER_NONNULL = YES;
				CLANG_ANALYZER_NUMBER_OBJECT_CONVERSION = YES_AGGRESSIVE;
				CLANG_CXX_LANGUAGE_STANDARD = "gnu++20";
				CLANG_ENABLE_MODULES = YES;
				CLANG_ENABLE_OBJC_ARC = YES;
				CLANG_ENABLE_OBJC_WEAK = YES;
				CLANG_WARN_BLOCK_CAPTURE_AUTORELEASING = YES;
				CLANG_WARN_BOOL_CONVERSION = YES;
				CLANG_WARN_COMMA = YES;
				CLANG_WARN_CONSTANT_CONVERSION = YES;
				CLANG_WARN_DEPRECATED_OBJC_IMPLEMENTATIONS = YES;
				CLANG_WARN_DIRECT_OBJC_ISA_USAGE = YES_ERROR;
				CLANG_WARN_DOCUMENTATION_COMMENTS = YES;
				CLANG_WARN_EMPTY_BODY = YES;
				CLANG_WARN_ENUM_CONVERSION = YES;
				CLANG_WARN_INFINITE_RECURSION = YES;
				CLANG_WARN_INT_CONVERSION = YES;
				CLANG_WARN_NON_LITERAL_NULL_CONVERSION = YES;
				CLANG_WARN_OBJC_IMPLICIT_RETAIN_SELF = YES;
				CLANG_WARN_OBJC_LITERAL_CONVERSION = YES;
				CLANG_WARN_OBJC_ROOT_CLASS = YES_ERROR;
				CLANG_WARN_QUOTED_INCLUDE_IN_FRAMEWORK_HEADER = YES;
				CLANG_WARN_RANGE_LOOP_ANALYSIS = YES;
				CLANG_WARN_STRICT_PROTOTYPES = YES;
				CLANG_WARN_SUSPICIOUS_MOVE = YES;
				CLANG_WARN_UNGUARDED_AVAILABILITY = YES_AGGRESSIVE;
				CLANG_WARN_UNREACHABLE_CODE = YES;
				CLANG_WARN__DUPLICATE_METHOD_MATCH = YES;
				COPY_PHASE_STRIP = NO;
				DEBUG_INFORMATION_FORMAT = "dwarf-with-dsym";
				DEVELOPMENT_TEAM = 62ZRZ6VZKC;
				ENABLE_NS_ASSERTIONS = NO;
				ENABLE_STRICT_OBJC_MSGSEND = YES;
				ENABLE_USER_SCRIPT_SANDBOXING = YES;
				GCC_C_LANGUAGE_STANDARD = gnu17;
				GCC_NO_COMMON_BLOCKS = YES;
				GCC_WARN_64_TO_32_BIT_CONVERSION = YES;
				GCC_WARN_ABOUT_RETURN_TYPE = YES_ERROR;
				GCC_WARN_UNDECLARED_SELECTOR = YES;
				GCC_WARN_UNINITIALIZED_AUTOS = YES_AGGRESSIVE;
				GCC_WARN_UNUSED_FUNCTION = YES;
				GCC_WARN_UNUSED_VARIABLE = YES;
				IPHONEOS_DEPLOYMENT_TARGET = 26.0;
				LOCALIZATION_PREFERS_STRING_CATALOGS = YES;
				MTL_ENABLE_DEBUG_INFO = NO;
				MTL_FAST_MATH = YES;
				SDKROOT = iphoneos;
				SWIFT_COMPILATION_MODE = wholemodule;
				VALIDATE_PRODUCT = YES;
			};
			name = Release;
		};
		A031C9DE302A038900764D07 /* Debug */ = {
			isa = XCBuildConfiguration;
			buildSettings = {
				ASSETCATALOG_COMPILER_APPICON_NAME = AppIcon;
				ASSETCATALOG_COMPILER_GLOBAL_ACCENT_COLOR_NAME = AccentColor;
				CODE_SIGN_STYLE = Automatic;
				CURRENT_PROJECT_VERSION = 1;
				DEVELOPMENT_TEAM = YG7T52597K;
				ENABLE_PREVIEWS = YES;
				GENERATE_INFOPLIST_FILE = YES;
				INFOPLIST_KEY_CFBundleDisplayName = Hisplora;
				INFOPLIST_KEY_LSApplicationCategoryType = "public.app-category.travel";
				INFOPLIST_KEY_NSCameraUsageDescription = "Used only when you choose to take a photo for an activity on a quest. Photos stay on this device and are never sent anywhere.";
				INFOPLIST_KEY_NSLocationAlwaysAndWhenInUseUsageDescription = "Used to tell you when you walk past a historical place, even when the app is closed. Your location is never sent anywhere.";
				INFOPLIST_KEY_NSLocationWhenInUseUsageDescription = "Used only to confirm you have reached a checkpoint on a quest you are walking, and only while the app is open. Your location is never sent anywhere.";
				INFOPLIST_KEY_UIApplicationSceneManifest_Generation = YES;
				INFOPLIST_KEY_UIApplicationSupportsIndirectInputEvents = YES;
				INFOPLIST_KEY_UILaunchScreen_Generation = YES;
				INFOPLIST_KEY_UISupportedInterfaceOrientations_iPhone = UIInterfaceOrientationPortrait;
				LD_RUNPATH_SEARCH_PATHS = (
					"$(inherited)",
					"@executable_path/Frameworks",
				);
				MARKETING_VERSION = 1.0;
				PRODUCT_BUNDLE_IDENTIFIER = com.umar.hisplora;
				PRODUCT_NAME = "$(TARGET_NAME)";
				STRING_CATALOG_GENERATE_SYMBOLS = YES;
				SWIFT_APPROACHABLE_CONCURRENCY = YES;
				SWIFT_DEFAULT_ACTOR_ISOLATION = MainActor;
				SWIFT_EMIT_LOC_STRINGS = YES;
				SWIFT_UPCOMING_FEATURE_MEMBER_IMPORT_VISIBILITY = YES;
				SWIFT_VERSION = 6.0;
				TARGETED_DEVICE_FAMILY = 1;
			};
			name = Debug;
		};
		A031C9DF302A038900764D07 /* Release */ = {
			isa = XCBuildConfiguration;
			buildSettings = {
				ASSETCATALOG_COMPILER_APPICON_NAME = AppIcon;
				ASSETCATALOG_COMPILER_GLOBAL_ACCENT_COLOR_NAME = AccentColor;
				CODE_SIGN_STYLE = Automatic;
				CURRENT_PROJECT_VERSION = 1;
				DEVELOPMENT_TEAM = YG7T52597K;
				ENABLE_PREVIEWS = YES;
				GENERATE_INFOPLIST_FILE = YES;
				INFOPLIST_KEY_CFBundleDisplayName = Hisplora;
				INFOPLIST_KEY_LSApplicationCategoryType = "public.app-category.travel";
				INFOPLIST_KEY_NSCameraUsageDescription = "Used only when you choose to take a photo for an activity on a quest. Photos stay on this device and are never sent anywhere.";
				INFOPLIST_KEY_NSLocationAlwaysAndWhenInUseUsageDescription = "Used to tell you when you walk past a historical place, even when the app is closed. Your location is never sent anywhere.";
				INFOPLIST_KEY_NSLocationWhenInUseUsageDescription = "Used only to confirm you have reached a checkpoint on a quest you are walking, and only while the app is open. Your location is never sent anywhere.";
				INFOPLIST_KEY_UIApplicationSceneManifest_Generation = YES;
				INFOPLIST_KEY_UIApplicationSupportsIndirectInputEvents = YES;
				INFOPLIST_KEY_UILaunchScreen_Generation = YES;
				INFOPLIST_KEY_UISupportedInterfaceOrientations_iPhone = UIInterfaceOrientationPortrait;
				LD_RUNPATH_SEARCH_PATHS = (
					"$(inherited)",
					"@executable_path/Frameworks",
				);
				MARKETING_VERSION = 1.0;
				PRODUCT_BUNDLE_IDENTIFIER = com.umar.hisplora;
				PRODUCT_NAME = "$(TARGET_NAME)";
				STRING_CATALOG_GENERATE_SYMBOLS = YES;
				SWIFT_APPROACHABLE_CONCURRENCY = YES;
				SWIFT_DEFAULT_ACTOR_ISOLATION = MainActor;
				SWIFT_EMIT_LOC_STRINGS = YES;
				SWIFT_UPCOMING_FEATURE_MEMBER_IMPORT_VISIBILITY = YES;
				SWIFT_VERSION = 6.0;
				TARGETED_DEVICE_FAMILY = 1;
			};
			name = Release;
		};
		A0B0B0B0000000000000B008 /* Debug */ = {
			isa = XCBuildConfiguration;
			buildSettings = {
				CODE_SIGN_STYLE = Automatic;
				CURRENT_PROJECT_VERSION = 1;
				DEVELOPMENT_TEAM = 62ZRZ6VZKC;
				GENERATE_INFOPLIST_FILE = YES;
				MARKETING_VERSION = 1.0;
				PRODUCT_BUNDLE_IDENTIFIER = "com.af.challange-5UITests";
				PRODUCT_NAME = "$(TARGET_NAME)";
				SWIFT_VERSION = 5.0;
				TARGETED_DEVICE_FAMILY = 1;
				TEST_TARGET_NAME = "challange-5";
			};
			name = Debug;
		};
		A0B0B0B0000000000000B009 /* Release */ = {
			isa = XCBuildConfiguration;
			buildSettings = {
				CODE_SIGN_STYLE = Automatic;
				CURRENT_PROJECT_VERSION = 1;
				DEVELOPMENT_TEAM = 62ZRZ6VZKC;
				GENERATE_INFOPLIST_FILE = YES;
				MARKETING_VERSION = 1.0;
				PRODUCT_BUNDLE_IDENTIFIER = "com.af.challange-5UITests";
				PRODUCT_NAME = "$(TARGET_NAME)";
				SWIFT_VERSION = 5.0;
				TARGETED_DEVICE_FAMILY = 1;
				TEST_TARGET_NAME = "challange-5";
			};
			name = Release;
		};
		A0C0C0C0000000000000C008 /* Debug */ = {
			isa = XCBuildConfiguration;
			buildSettings = {
				BUNDLE_LOADER = "$(TEST_HOST)";
				CODE_SIGN_STYLE = Automatic;
				CURRENT_PROJECT_VERSION = 1;
				DEVELOPMENT_TEAM = 62ZRZ6VZKC;
				GENERATE_INFOPLIST_FILE = YES;
				MARKETING_VERSION = 1.0;
				PRODUCT_BUNDLE_IDENTIFIER = com.astungkara.hisploraTests;
				PRODUCT_NAME = "$(TARGET_NAME)";
				SWIFT_APPROACHABLE_CONCURRENCY = YES;
				SWIFT_DEFAULT_ACTOR_ISOLATION = MainActor;
				SWIFT_EMIT_LOC_STRINGS = NO;
				SWIFT_VERSION = 6.0;
				TARGETED_DEVICE_FAMILY = 1;
				TEST_HOST = "$(BUILT_PRODUCTS_DIR)/challange-5.app/challange-5";
			};
			name = Debug;
		};
		A0C0C0C0000000000000C009 /* Release */ = {
			isa = XCBuildConfiguration;
			buildSettings = {
				BUNDLE_LOADER = "$(TEST_HOST)";
				CODE_SIGN_STYLE = Automatic;
				CURRENT_PROJECT_VERSION = 1;
				DEVELOPMENT_TEAM = 62ZRZ6VZKC;
				GENERATE_INFOPLIST_FILE = YES;
				MARKETING_VERSION = 1.0;
				PRODUCT_BUNDLE_IDENTIFIER = com.astungkara.hisploraTests;
				PRODUCT_NAME = "$(TARGET_NAME)";
				SWIFT_APPROACHABLE_CONCURRENCY = YES;
				SWIFT_DEFAULT_ACTOR_ISOLATION = MainActor;
				SWIFT_EMIT_LOC_STRINGS = NO;
				SWIFT_VERSION = 6.0;
				TARGETED_DEVICE_FAMILY = 1;
				TEST_HOST = "$(BUILT_PRODUCTS_DIR)/challange-5.app/challange-5";
			};
			name = Release;
		};
/* End XCBuildConfiguration section */

/* Begin XCConfigurationList section */
		2C5DCE0F303467B2006C196B /* Build configuration list for PBXNativeTarget "hisplora Watch App" */ = {
			isa = XCConfigurationList;
			buildConfigurations = (
				2C5DCE10303467B2006C196B /* Debug */,
				2C5DCE11303467B2006C196B /* Release */,
			);
			defaultConfigurationIsVisible = 0;
			defaultConfigurationName = Release;
		};
		A031C9CD302A038800764D07 /* Build configuration list for PBXProject "challange-5" */ = {
			isa = XCConfigurationList;
			buildConfigurations = (
				A031C9DB302A038900764D07 /* Debug */,
				A031C9DC302A038900764D07 /* Release */,
			);
			defaultConfigurationIsVisible = 0;
			defaultConfigurationName = Release;
		};
		A031C9DD302A038900764D07 /* Build configuration list for PBXNativeTarget "challange-5" */ = {
			isa = XCConfigurationList;
			buildConfigurations = (
				A031C9DE302A038900764D07 /* Debug */,
				A031C9DF302A038900764D07 /* Release */,
			);
			defaultConfigurationIsVisible = 0;
			defaultConfigurationName = Release;
		};
		A0B0B0B0000000000000B007 /* Build configuration list for PBXNativeTarget "challange-5UITests" */ = {
			isa = XCConfigurationList;
			buildConfigurations = (
				A0B0B0B0000000000000B008 /* Debug */,
				A0B0B0B0000000000000B009 /* Release */,
			);
			defaultConfigurationIsVisible = 0;
			defaultConfigurationName = Release;
		};
		A0C0C0C0000000000000C007 /* Build configuration list for PBXNativeTarget "challange-5Tests" */ = {
			isa = XCConfigurationList;
			buildConfigurations = (
				A0C0C0C0000000000000C008 /* Debug */,
				A0C0C0C0000000000000C009 /* Release */,
			);
			defaultConfigurationIsVisible = 0;
			defaultConfigurationName = Release;
		};
/* End XCConfigurationList section */

/* Begin XCLocalSwiftPackageReference section */
		A0A0A0A0000000000000A001 /* XCLocalSwiftPackageReference "Packages/Kultara" */ = {
			isa = XCLocalSwiftPackageReference;
			relativePath = Packages/Kultara;
		};
/* End XCLocalSwiftPackageReference section */

/* Begin XCSwiftPackageProductDependency section */
		A0A0A0A0000000000000A003 /* ContentKit */ = {
			isa = XCSwiftPackageProductDependency;
			productName = ContentKit;
		};
		A0A0A0A0000000000000A006 /* RunEngine */ = {
			isa = XCSwiftPackageProductDependency;
			productName = RunEngine;
		};
		A0A0A0A0000000000000A007 /* DesignSystem */ = {
			isa = XCSwiftPackageProductDependency;
			productName = DesignSystem;
		};
		A0A0A0A0000000000000A00B /* UIStringsKit */ = {
			isa = XCSwiftPackageProductDependency;
			productName = UIStringsKit;
		};
		A0C0C0C0000000000000C00C /* ContentKit */ = {
			isa = XCSwiftPackageProductDependency;
			productName = ContentKit;
		};
		A0C0C0C0000000000000C00D /* RunEngine */ = {
			isa = XCSwiftPackageProductDependency;
			productName = RunEngine;
		};
		A0C0C0C0000000000000C00E /* DesignSystem */ = {
			isa = XCSwiftPackageProductDependency;
			productName = DesignSystem;
		};
		A0C0C0C0000000000000C00F /* UIStringsKit */ = {
			isa = XCSwiftPackageProductDependency;
			productName = UIStringsKit;
		};
/* End XCSwiftPackageProductDependency section */
	};
	rootObject = A031C9CA302A038800764D07 /* Project object */;
}
